
Microsoft Visual Studio Solution File, Format Version 12.00
# Visual Studio 15
VisualStudioVersion = 15.0.28307.572
MinimumVisualStudioVersion = 10.0.40219.1
Project("{FAE04EC0-301F-11D3-BF4B-00C04F79EFBC}") = "CodeExercise", "CodeExercise\CodeExercise.csproj", "{45A2B70F-F138-48DD-A514-75330E9C5FEF}"
EndProject
Project("{FAE04EC0-301F-11D3-BF4B-00C04F79EFBC}") = "CodeExercise.Tests", "CodeExercise.Tests\CodeExercise.Tests.csproj", "{B984D75F-CF8D-4568-ABB1-83F6FD75D1C7}"
EndProject
Global
	GlobalSection(SolutionConfigurationPlatforms) = preSolution
		Debug|Any CPU = Debug|Any CPU
		Release|Any CPU = Release|Any CPU
	EndGlobalSection
	GlobalSection(ProjectConfigurationPlatforms) = postSolution
		{45A2B70F-F138-48DD-A514-75330E9C5FEF}.Debug|Any CPU.ActiveCfg = Debug|Any CPU
		{45A2B70F-F138-48DD-A514-75330E9C5FEF}.Debug|Any CPU.Build.0 = Debug|Any CPU
		{45A2B70F-F138-48DD-A514-75330E9C5FEF}.Release|Any CPU.ActiveCfg = Release|Any CPU
		{45A2B70F-F138-48DD-A514-75330E9C5FEF}.Release|Any CPU.Build.0 = Release|Any CPU
		{B984D75F-CF8D-4568-ABB1-83F6FD75D1C7}.Debug|Any CPU.ActiveCfg = Debug|Any CPU
		{B984D75F-CF8D-4568-ABB1-83F6FD75D1C7}.Debug|Any CPU.Build.0 = Debug|Any CPU
		{B984D75F-CF8D-4568-ABB1-83F6FD75D1C7}.Release|Any CPU.ActiveCfg = Release|Any CPU
		{B984D75F-CF8D-4568-ABB1-83F6FD75D1C7}.Release|Any CPU.Build.0 = Release|Any CPU
	EndGlobalSection
	GlobalSection(SolutionProperties) = preSolution
		HideSolutionNode = FALSE
	EndGlobalSection
	GlobalSection(ExtensibilityGlobals) = postSolution
		SolutionGuid = {5F43EDF0-C00B-4CA7-8CFC-2B795910C200}
	EndGlobalSection
EndGlobal
